// !$*UTF8*$!
{
	archiveVersion = 1;
	classes = {
	};
	objectVersion = 56;
	objects = {

/* Begin PBXBuildFile section */
		6A1F7FB429A5CFA600AB0024 /* AppDelegate.swift in Sources */ = {isa = PBXBuildFile; fileRef = 6A1F7FB329A5CFA600AB0024 /* AppDelegate.swift */; };
		6A1F7FB629A5CFA600AB0024 /* ContentView.swift in Sources */ = {isa = PBXBuildFile; fileRef = 6A1F7FB529A5CFA600AB0024 /* ContentView.swift */; };
		6A1F7FB829A5CFA600AB0024 /* Experience.rcproject in Sources */ = {isa = PBXBuildFile; fileRef = 6A1F7FB729A5CFA600AB0024 /* Experience.rcproject */; };
		6A1F7FBA29A5CFA600AB0024 /* Assets.xcassets in Resources */ = {isa = PBXBuildFile; fileRef = 6A1F7FB929A5CFA600AB0024 /* Assets.xcassets */; };
		6A1F7FBD29A5CFA600AB0024 /* Preview Assets.xcassets in Resources */ = {isa = PBXBuildFile; fileRef = 6A1F7FBC29A5CFA600AB0024 /* Preview Assets.xcassets */; };
		6A1F7FC729A5CFA700AB0024 /* ARKit_1Tests.swift in Sources */ = {isa = PBXBuildFile; fileRef = 6A1F7FC629A5CFA700AB0024 /* ARKit_1Tests.swift */; };
		6A1F7FD129A5CFA700AB0024 /* ARKit_1UITests.swift in Sources */ = {isa = PBXBuildFile; fileRef = 6A1F7FD029A5CFA700AB0024 /* ARKit_1UITests.swift */; };
		6A1F7FD329A5CFA700AB0024 /* ARKit_1UITestsLaunchTests.swift in Sources */ = {isa = PBXBuildFile; fileRef = 6A1F7FD229A5CFA700AB0024 /* ARKit_1UITestsLaunchTests.swift */; };
/* End PBXBuildFile section */

/* Begin PBXContainerItemProxy section */
		6A1F7FC329A5CFA700AB0024 /* PBXContainerItemProxy */ = {
			isa = PBXContainerItemProxy;
			containerPortal = 6A1F7FA829A5CFA600AB0024 /* Project object */;
			proxyType = 1;
			remoteGlobalIDString = 6A1F7FAF29A5CFA600AB0024;
			remoteInfo = ARKit_1;
		};
		6A1F7FCD29A5CFA700AB0024 /* PBXContainerItemProxy */ = {
			isa = PBXContainerItemProxy;
			containerPortal = 6A1F7FA829A5CFA600AB0024 /* Project object */;
			proxyType = 1;
			remoteGlobalIDString = 6A1F7FAF29A5CFA600AB0024;
			remoteInfo = ARKit_1;
		};
/* End PBXContainerItemProxy section */

/* Begin PBXFileReference section */
		6A1F7FB029A5CFA600AB0024 /* ARKit_1.app */ = {isa = PBXFileReference; explicitFileType = wrapper.application; includeInIndex = 0; path = ARKit_1.app; sourceTree = BUILT_PRODUCTS_DIR; };
		6A1F7FB329A5CFA600AB0024 /* AppDelegate.swift */ = {isa = PBXFileReference; lastKnownFileType = sourcecode.swift; path = AppDelegate.swift; sourceTree = "<group>"; };
		6A1F7FB529A5CFA600AB0024 /* ContentView.swift */ = {isa = PBXFileReference; lastKnownFileType = sourcecode.swift; path = ContentView.swift; sourceTree = "<group>"; };
		6A1F7FB729A5CFA600AB0024 /* Experience.rcproject */ = {isa = PBXFileReference; lastKnownFileType = file.rcproject; path = Experience.rcproject; sourceTree = "<group>"; };
		6A1F7FB929A5CFA600AB0024 /* Assets.xcassets */ = {isa = PBXFileReference; lastKnownFileType = folder.assetcatalog; path = Assets.xcassets; sourceTree = "<group>"; };
		6A1F7FBC29A5CFA600AB0024 /* Preview Assets.xcassets */ = {isa = PBXFileReference; lastKnownFileType = folder.assetcatalog; path = "Preview Assets.xcassets"; sourceTree = "<group>"; };
		6A1F7FC229A5CFA700AB0024 /* ARKit_1Tests.xctest */ = {isa = PBXFileReference; explicitFileType = wrapper.cfbundle; includeInIndex = 0; path = ARKit_1Tests.xctest; sourceTree = BUILT_PRODUCTS_DIR; };
		6A1F7FC629A5CFA700AB0024 /* ARKit_1Tests.swift */ = {isa = PBXFileReference; lastKnownFileType = sourcecode.swift; path = ARKit_1Tests.swift; sourceTree = "<group>"; };
		6A1F7FCC29A5CFA700AB0024 /* ARKit_1UITests.xctest */ = {isa = PBXFileReference; explicitFileType = wrapper.cfbundle; includeInIndex = 0; path = ARKit_1UITests.xctest; sourceTree = BUILT_PRODUCTS_DIR; };
		6A1F7FD029A5CFA700AB0024 /* ARKit_1UITests.swift */ = {isa = PBXFileReference; lastKnownFileType = sourcecode.swift; path = ARKit_1UITests.swift; sourceTree = "<group>"; };
		6A1F7FD229A5CFA700AB0024 /* ARKit_1UITestsLaunchTests.swift */ = {isa = PBXFileReference; lastKnownFileType = sourcecode.swift; path = ARKit_1UITestsLaunchTests.swift; sourceTree = "<group>"; };
/* End PBXFileReference section */

/* Begin PBXFrameworksBuildPhase section */
		6A1F7FAD29A5CFA600AB0024 /* Frameworks */ = {
			isa = PBXFrameworksBuildPhase;
			buildActionMask = 2147483647;
			files = (
			);
			runOnlyForDeploymentPostprocessing = 0;
		};
		6A1F7FBF29A5CFA700AB0024 /* Frameworks */ = {
			isa = PBXFrameworksBuildPhase;
			buildActionMask = 2147483647;
			files = (
			);
			runOnlyForDeploymentPostprocessing = 0;
		};
		6A1F7FC929A5CFA700AB0024 /* Frameworks */ = {
			isa = PBXFrameworksBuildPhase;
			buildActionMask = 2147483647;
			files = (
			);
			runOnlyForDeploymentPostprocessing = 0;
		};
/* End PBXFrameworksBuildPhase section */

/* Begin PBXGroup section */
		6A1F7FA729A5CFA600AB0024 = {
			isa = PBXGroup;
			children = (
				6A1F7FB229A5CFA600AB0024 /* ARKit_1 */,
				6A1F7FC529A5CFA700AB0024 /* ARKit_1Tests */,
				6A1F7FCF29A5CFA700AB0024 /* ARKit_1UITests */,
				6A1F7FB129A5CFA600AB0024 /* Products */,
			);
			sourceTree = "<group>";
		};
		6A1F7FB129A5CFA600AB0024 /* Products */ = {
			isa = PBXGroup;
			children = (
				6A1F7FB029A5CFA600AB0024 /* ARKit_1.app */,
				6A1F7FC229A5CFA700AB0024 /* ARKit_1Tests.xctest */,
				6A1F7FCC29A5CFA700AB0024 /* ARKit_1UITests.xctest */,
			);
			name = Products;
			sourceTree = "<group>";
		};
		6A1F7FB229A5CFA600AB0024 /* ARKit_1 */ = {
			isa = PBXGroup;
			children = (
				6A1F7FB329A5CFA600AB0024 /* AppDelegate.swift */,
				6A1F7FB529A5CFA600AB0024 /* ContentView.swift */,
				6A1F7FB729A5CFA600AB0024 /* Experience.rcproject */,
				6A1F7FB929A5CFA600AB0024 /* Assets.xcassets */,
				6A1F7FBB29A5CFA600AB0024 /* Preview Content */,
			);
			path = ARKit_1;
			sourceTree = "<group>";
		};
		6A1F7FBB29A5CFA600AB0024 /* Preview Content */ = {
			isa = PBXGroup;
			children = (
				6A1F7FBC29A5CFA600AB0024 /* Preview Assets.xcassets */,
			);
			path = "Preview Content";
			sourceTree = "<group>";
		};
		6A1F7FC529A5CFA700AB0024 /* ARKit_1Tests */ = {
			isa = PBXGroup;
			children = (
				6A1F7FC629A5CFA700AB0024 /* ARKit_1Tests.swift */,
			);
			path = ARKit_1Tests;
			sourceTree = "<group>";
		};
		6A1F7FCF29A5CFA700AB0024 /* ARKit_1UITests */ = {
			isa = PBXGroup;
			children = (
				6A1F7FD029A5CFA700AB0024 /* ARKit_1UITests.swift */,
				6A1F7FD229A5CFA700AB0024 /* ARKit_1UITestsLaunchTests.swift */,
			);
			path = ARKit_1UITests;
			sourceTree = "<group>";
		};
/* End PBXGroup section */

/* Begin PBXNativeTarget section */
		6A1F7FAF29A5CFA600AB0024 /* ARKit_1 */ = {
			isa = PBXNativeTarget;
			buildConfigurationList = 6A1F7FD629A5CFA700AB0024 /* Build configuration list for PBXNativeTarget "ARKit_1" */;
			buildPhases = (
				6A1F7FAC29A5CFA600AB0024 /* Sources */,
				6A1F7FAD29A5CFA600AB0024 /* Frameworks */,
				6A1F7FAE29A5CFA600AB0024 /* Resources */,
			);
			buildRules = (
			);
			dependencies = (
			);
			name = ARKit_1;
			productName = ARKit_1;
			productReference = 6A1F7FB029A5CFA600AB0024 /* ARKit_1.app */;
			productType = "com.apple.product-type.application";
		};
		6A1F7FC129A5CFA700AB0024 /* ARKit_1Tests */ = {
			isa = PBXNativeTarget;
			buildConfigurationList = 6A1F7FD929A5CFA700AB0024 /* Build configuration list for PBXNativeTarget "ARKit_1Tests" */;
			buildPhases = (
				6A1F7FBE29A5CFA700AB0024 /* Sources */,
				6A1F7FBF29A5CFA700AB0024 /* Frameworks */,
				6A1F7FC029A5CFA700AB0024 /* Resources */,
			);
			buildRules = (
			);
			dependencies = (
				6A1F7FC429A5CFA700AB0024 /* PBXTargetDependency */,
			);
			name = ARKit_1Tests;
			productName = ARKit_1Tests;
			productReference = 6A1F7FC229A5CFA700AB0024 /* ARKit_1Tests.xctest */;
			productType = "com.apple.product-type.bundle.unit-test";
		};
		6A1F7FCB29A5CFA700AB0024 /* ARKit_1UITests */ = {
			isa = PBXNativeTarget;
			buildConfigurationList = 6A1F7FDC29A5CFA700AB0024 /* Build configuration list for PBXNativeTarget "ARKit_1UITests" */;
			buildPhases = (
				6A1F7FC829A5CFA700AB0024 /* Sources */,
				6A1F7FC929A5CFA700AB0024 /* Frameworks */,
				6A1F7FCA29A5CFA700AB0024 /* Resources */,
			);
			buildRules = (
			);
			dependencies = (
				6A1F7FCE29A5CFA700AB0024 /* PBXTargetDependency */,
			);
			name = ARKit_1UITests;
			productName = ARKit_1UITests;
			productReference = 6A1F7FCC29A5CFA700AB0024 /* ARKit_1UITests.xctest */;
			productType = "com.apple.product-type.bundle.ui-testing";
		};
/* End PBXNativeTarget section */

/* Begin PBXProject section */
		6A1F7FA829A5CFA600AB0024 /* Project object */ = {
			isa = PBXProject;
			attributes = {
				BuildIndependentTargetsInParallel = 1;
				LastSwiftUpdateCheck = 1420;
				LastUpgradeCheck = 1420;
				TargetAttributes = {
					6A1F7FAF29A5CFA600AB0024 = {
						CreatedOnToolsVersion = 14.2;
					};
					6A1F7FC129A5CFA700AB0024 = {
						CreatedOnToolsVersion = 14.2;
						TestTargetID = 6A1F7FAF29A5CFA600AB0024;
					};
					6A1F7FCB29A5CFA700AB0024 = {
						CreatedOnToolsVersion = 14.2;
						TestTargetID = 6A1F7FAF29A5CFA600AB0024;
					};
				};
			};
			buildConfigurationList = 6A1F7FAB29A5CFA600AB0024 /* Build configuration list for PBXProject "ARKit_1" */;
			compatibilityVersion = "Xcode 14.0";
			developmentRegion = en;
			hasScannedForEncodings = 0;
			knownRegions = (
				en,
				Base,
			);
			mainGroup = 6A1F7FA729A5CFA600AB0024;
			productRefGroup = 6A1F7FB129A5CFA600AB0024 /* Products */;
			projectDirPath = "";
			projectRoot = "";
			targets = (
				6A1F7FAF29A5CFA600AB0024 /* ARKit_1 */,
				6A1F7FC129A5CFA700AB0024 /* ARKit_1Tests */,
				6A1F7FCB29A5CFA700AB0024 /* ARKit_1UITests */,
			);
		};
/* End PBXProject section */

/* Begin PBXResourcesBuildPhase section */
		6A1F7FAE29A5CFA600AB0024 /* Resources */ = {
			isa = PBXResourcesBuildPhase;
			buildActionMask = 2147483647;
			files = (
				6A1F7FBD29A5CFA600AB0024 /* Preview Assets.xcassets in Resources */,
				6A1F7FBA29A5CFA600AB0024 /* Assets.xcassets in Resources */,
			);
			runOnlyForDeploymentPostprocessing = 0;
		};
		6A1F7FC029A5CFA700AB0024 /* Resources */ = {
			isa = PBXResourcesBuildPhase;
			buildActionMask = 2147483647;
			files = (
			);
			runOnlyForDeploymentPostprocessing = 0;
		};
		6A1F7FCA29A5CFA700AB0024 /* Resources */ = {
			isa = PBXResourcesBuildPhase;
			buildActionMask = 2147483647;
			files = (
			);
			runOnlyForDeploymentPostprocessing = 0;
		};
/* End PBXResourcesBuildPhase section */

/* Begin PBXSourcesBuildPhase section */
		6A1F7FAC29A5CFA600AB0024 /* Sources */ = {
			isa = PBXSourcesBuildPhase;
			buildActionMask = 2147483647;
			files = (
				6A1F7FB629A5CFA600AB0024 /* ContentView.swift in Sources */,
				6A1F7FB429A5CFA600AB0024 /* AppDelegate.swift in Sources */,
				6A1F7FB829A5CFA600AB0024 /* Experience.rcproject in Sources */,
			);
			runOnlyForDeploymentPostprocessing = 0;
		};
		6A1F7FBE29A5CFA700AB0024 /* Sources */ = {
			isa = PBXSourcesBuildPhase;
			buildActionMask = 2147483647;
			files = (
				6A1F7FC729A5CFA700AB0024 /* ARKit_1Tests.swift in Sources */,
			);
			runOnlyForDeploymentPostprocessing = 0;
		};
		6A1F7FC829A5CFA700AB0024 /* Sources */ = {
			isa = PBXSourcesBuildPhase;
			buildActionMask = 2147483647;
			files = (
				6A1F7FD329A5CFA700AB0024 /* ARKit_1UITestsLaunchTests.swift in Sources */,
				6A1F7FD129A5CFA700AB0024 /* ARKit_1UITests.swift in Sources */,
			);
			runOnlyForDeploymentPostprocessing = 0;
		};
/* End PBXSourcesBuildPhase section */

/* Begin PBXTargetDependency section */
		6A1F7FC429A5CFA700AB0024 /* PBXTargetDependency */ = {
			isa = PBXTargetDependency;
			target = 6A1F7FAF29A5CFA600AB0024 /* ARKit_1 */;
			targetProxy = 6A1F7FC329A5CFA700AB0024 /* PBXContainerItemProxy */;
		};
		6A1F7FCE29A5CFA700AB0024 /* PBXTargetDependency */ = {
			isa = PBXTargetDependency;
			target = 6A1F7FAF29A5CFA600AB0024 /* ARKit_1 */;
			targetProxy = 6A1F7FCD29A5CFA700AB0024 /* PBXContainerItemProxy */;
		};
/* End PBXTargetDependency section */

/* Begin XCBuildConfiguration section */
		6A1F7FD429A5CFA700AB0024 /* Debug */ = {
			isa = XCBuildConfiguration;
			buildSettings = {
				ALWAYS_SEARCH_USER_PATHS = NO;
				CLANG_ANALYZER_NONNULL = YES;
				CLANG_ANALYZER_NUMBER_OBJECT_CONVERSION = YES_AGGRESSIVE;
				CLANG_CXX_LANGUAGE_STANDARD = "gnu++20";
				CLANG_ENABLE_MODULES = YES;
				CLANG_ENABLE_OBJC_ARC = YES;
				CLANG_ENABLE_OBJC_WEAK = YES;
				CLANG_WARN_BLOCK_CAPTURE_AUTORELEASING = YES;
				CLANG_WARN_BOOL_CONVERSION = YES;
				CLANG_WARN_COMMA = YES;
				CLANG_WARN_CONSTANT_CONVERSION = YES;
				CLANG_WARN_DEPRECATED_OBJC_IMPLEMENTATIONS = YES;
				CLANG_WARN_DIRECT_OBJC_ISA_USAGE = YES_ERROR;
				CLANG_WARN_DOCUMENTATION_COMMENTS = YES;
				CLANG_WARN_EMPTY_BODY = YES;
				CLANG_WARN_ENUM_CONVERSION = YES;
				CLANG_WARN_INFINITE_RECURSION = YES;
				CLANG_WARN_INT_CONVERSION = YES;
				CLANG_WARN_NON_LITERAL_NULL_CONVERSION = YES;
				CLANG_WARN_OBJC_IMPLICIT_RETAIN_SELF = YES;
				CLANG_WARN_OBJC_LITERAL_CONVERSION = YES;
				CLANG_WARN_OBJC_ROOT_CLASS = YES_ERROR;
				CLANG_WARN_QUOTED_INCLUDE_IN_FRAMEWORK_HEADER = YES;
				CLANG_WARN_RANGE_LOOP_ANALYSIS = YES;
				CLANG_WARN_STRICT_PROTOTYPES = YES;
				CLANG_WARN_SUSPICIOUS_MOVE = YES;
				CLANG_WARN_UNGUARDED_AVAILABILITY = YES_AGGRESSIVE;
				CLANG_WARN_UNREACHABLE_CODE = YES;
				CLANG_WARN__DUPLICATE_METHOD_MATCH = YES;
				COPY_PHASE_STRIP = NO;
				DEBUG_INFORMATION_FORMAT = dwarf;
				ENABLE_STRICT_OBJC_MSGSEND = YES;
				ENABLE_TESTABILITY = YES;
				GCC_C_LANGUAGE_STANDARD = gnu11;
				GCC_DYNAMIC_NO_PIC = NO;
				GCC_NO_COMMON_BLOCKS = YES;
				GCC_OPTIMIZATION_LEVEL = 0;
				GCC_PREPROCESSOR_DEFINITIONS = (
					"DEBUG=1",
					"$(inherited)",
				);
				GCC_WARN_64_TO_32_BIT_CONVERSION = YES;
				GCC_WARN_ABOUT_RETURN_TYPE = YES_ERROR;
				GCC_WARN_UNDECLARED_SELECTOR = YES;
				GCC_WARN_UNINITIALIZED_AUTOS = YES_AGGRESSIVE;
				GCC_WARN_UNUSED_FUNCTION = YES;
				GCC_WARN_UNUSED_VARIABLE = YES;
				IPHONEOS_DEPLOYMENT_TARGET = 16.2;
				MTL_ENABLE_DEBUG_INFO = INCLUDE_SOURCE;
				MTL_FAST_MATH = YES;
				ONLY_ACTIVE_ARCH = YES;
				SDKROOT = iphoneos;
				SWIFT_ACTIVE_COMPILATION_CONDITIONS = DEBUG;
				SWIFT_OPTIMIZATION_LEVEL = "-Onone";
			};
			name = Debug;
		};
		6A1F7FD529A5CFA700AB0024 /* Release */ = {
			isa = XCBuildConfiguration;
			buildSettings = {
				ALWAYS_SEARCH_USER_PATHS = NO;
				CLANG_ANALYZER_NONNULL = YES;
				CLANG_ANALYZER_NUMBER_OBJECT_CONVERSION = YES_AGGRESSIVE;
				CLANG_CXX_LANGUAGE_STANDARD = "gnu++20";
				CLANG_ENABLE_MODULES = YES;
				CLANG_ENABLE_OBJC_ARC = YES;
				CLANG_ENABLE_OBJC_WEAK = YES;
				CLANG_WARN_BLOCK_CAPTURE_AUTORELEASING = YES;
				CLANG_WARN_BOOL_CONVERSION = YES;
				CLANG_WARN_COMMA = YES;
				CLANG_WARN_CONSTANT_CONVERSION = YES;
				CLANG_WARN_DEPRECATED_OBJC_IMPLEMENTATIONS = YES;
				CLANG_WARN_DIRECT_OBJC_ISA_USAGE = YES_ERROR;
				CLANG_WARN_DOCUMENTATION_COMMENTS = YES;
				CLANG_WARN_EMPTY_BODY = YES;
				CLANG_WARN_ENUM_CONVERSION = YES;
				CLANG_WARN_INFINITE_RECURSION = YES;
				CLANG_WARN_INT_CONVERSION = YES;
				CLANG_WARN_NON_LITERAL_NULL_CONVERSION = YES;
				CLANG_WARN_OBJC_IMPLICIT_RETAIN_SELF = YES;
				CLANG_WARN_OBJC_LITERAL_CONVERSION = YES;
				CLANG_WARN_OBJC_ROOT_CLASS = YES_ERROR;
				CLANG_WARN_QUOTED_INCLUDE_IN_FRAMEWORK_HEADER = YES;
				CLANG_WARN_RANGE_LOOP_ANALYSIS = YES;
				CLANG_WARN_STRICT_PROTOTYPES = YES;
				CLANG_WARN_SUSPICIOUS_MOVE = YES;
				CLANG_WARN_UNGUARDED_AVAILABILITY = YES_AGGRESSIVE;
				CLANG_WARN_UNREACHABLE_CODE = YES;
				CLANG_WARN__DUPLICATE_METHOD_MATCH = YES;
				COPY_PHASE_STRIP = NO;
				DEBUG_INFORMATION_FORMAT = "dwarf-with-dsym";
				ENABLE_NS_ASSERTIONS = NO;
				ENABLE_STRICT_OBJC_MSGSEND = YES;
				GCC_C_LANGUAGE_STANDARD = gnu11;
				GCC_NO_COMMON_BLOCKS = YES;
				GCC_WARN_64_TO_32_BIT_CONVERSION = YES;
				GCC_WARN_ABOUT_RETURN_TYPE = YES_ERROR;
				GCC_WARN_UNDECLARED_SELECTOR = YES;
				GCC_WARN_UNINITIALIZED_AUTOS = YES_AGGRESSIVE;
				GCC_WARN_UNUSED_FUNCTION = YES;
				GCC_WARN_UNUSED_VARIABLE = YES;
				IPHONEOS_DEPLOYMENT_TARGET = 16.2;
				MTL_ENABLE_DEBUG_INFO = NO;
				MTL_FAST_MATH = YES;
				SDKROOT = iphoneos;
				SWIFT_COMPILATION_MODE = wholemodule;
				SWIFT_OPTIMIZATION_LEVEL = "-O";
				VALIDATE_PRODUCT = YES;
			};
			name = Release;
		};
		6A1F7FD729A5CFA700AB0024 /* Debug */ = {
			isa = XCBuildConfiguration;
			buildSettings = {
				ASSETCATALOG_COMPILER_APPICON_NAME = AppIcon;
				ASSETCATALOG_COMPILER_GLOBAL_ACCENT_COLOR_NAME = AccentColor;
				CODE_SIGN_STYLE = Automatic;
				CURRENT_PROJECT_VERSION = 1;
				DEVELOPMENT_ASSET_PATHS = "\"ARKit_1/Preview Content\"";
				DEVELOPMENT_TEAM = 35U482C3Q5;
				ENABLE_PREVIEWS = YES;
				GENERATE_INFOPLIST_FILE = YES;
				INFOPLIST_KEY_CFBundleDisplayName = "ARKit 1";
				INFOPLIST_KEY_NSCameraUsageDescription = "";
				INFOPLIST_KEY_UIApplicationSupportsIndirectInputEvents = YES;
				INFOPLIST_KEY_UILaunchScreen_Generation = YES;
				INFOPLIST_KEY_UIRequiredDeviceCapabilities = arkit;
				INFOPLIST_KEY_UIStatusBarHidden = YES;
				INFOPLIST_KEY_UISupportedInterfaceOrientations_iPad = "UIInterfaceOrientationPortrait UIInterfaceOrientationPortraitUpsideDown UIInterfaceOrientationLandscapeLeft UIInterfaceOrientationLandscapeRight";
				INFOPLIST_KEY_UISupportedInterfaceOrientations_iPhone = "UIInterfaceOrientationPortrait UIInterfaceOrientationLandscapeLeft UIInterfaceOrientationLandscapeRight";
				LD_RUNPATH_SEARCH_PATHS = (
					"$(inherited)",
					"@executable_path/Frameworks",
				);
				MARKETING_VERSION = 1.0;
				PRODUCT_BUNDLE_IDENTIFIER = "com.digiguys.ARKit-1";
				PRODUCT_NAME = "$(TARGET_NAME)";
				SWIFT_EMIT_LOC_STRINGS = YES;
				SWIFT_VERSION = 5.0;
				TARGETED_DEVICE_FAMILY = "1,2";
			};
			name = Debug;
		};
		6A1F7FD829A5CFA700AB0024 /* Release */ = {
			isa = XCBuildConfiguration;
			buildSettings = {
				ASSETCATALOG_COMPILER_APPICON_NAME = AppIcon;
				ASSETCATALOG_COMPILER_GLOBAL_ACCENT_COLOR_NAME = AccentColor;
				CODE_SIGN_STYLE = Automatic;
				CURRENT_PROJECT_VERSION = 1;
				DEVELOPMENT_ASSET_PATHS = "\"ARKit_1/Preview Content\"";
				DEVELOPMENT_TEAM = 35U482C3Q5;
				ENABLE_PREVIEWS = YES;
				GENERATE_INFOPLIST_FILE = YES;
				INFOPLIST_KEY_CFBundleDisplayName = "ARKit 1";
				INFOPLIST_KEY_NSCameraUsageDescription = "";
				INFOPLIST_KEY_UIApplicationSupportsIndirectInputEvents = YES;
				INFOPLIST_KEY_UILaunchScreen_Generation = YES;
				INFOPLIST_KEY_UIRequiredDeviceCapabilities = arkit;
				INFOPLIST_KEY_UIStatusBarHidden = YES;
				INFOPLIST_KEY_UISupportedInterfaceOrientations_iPad = "UIInterfaceOrientationPortrait UIInterfaceOrientationPortraitUpsideDown UIInterfaceOrientationLandscapeLeft UIInterfaceOrientationLandscapeRight";
				INFOPLIST_KEY_UISupportedInterfaceOrientations_iPhone = "UIInterfaceOrientationPortrait UIInterfaceOrientationLandscapeLeft UIInterfaceOrientationLandscapeRight";
				LD_RUNPATH_SEARCH_PATHS = (
					"$(inherited)",
					"@executable_path/Frameworks",
				);
				MARKETING_VERSION = 1.0;
				PRODUCT_BUNDLE_IDENTIFIER = "com.digiguys.ARKit-1";
				PRODUCT_NAME = "$(TARGET_NAME)";
				SWIFT_EMIT_LOC_STRINGS = YES;
				SWIFT_VERSION = 5.0;
				TARGETED_DEVICE_FAMILY = "1,2";
			};
			name = Release;
		};
		6A1F7FDA29A5CFA700AB0024 /* Debug */ = {
			isa = XCBuildConfiguration;
			buildSettings = {
				ALWAYS_EMBED_SWIFT_STANDARD_LIBRARIES = YES;
				BUNDLE_LOADER = "$(TEST_HOST)";
				CODE_SIGN_STYLE = Automatic;
				CURRENT_PROJECT_VERSION = 1;
				DEVELOPMENT_TEAM = 35U482C3Q5;
				GENERATE_INFOPLIST_FILE = YES;
				IPHONEOS_DEPLOYMENT_TARGET = 16.2;
				MARKETING_VERSION = 1.0;
				PRODUCT_BUNDLE_IDENTIFIER = "com.digiguys.ARKit-1Tests";
				PRODUCT_NAME = "$(TARGET_NAME)";
				SWIFT_EMIT_LOC_STRINGS = NO;
				SWIFT_VERSION = 5.0;
				TARGETED_DEVICE_FAMILY = "1,2";
				TEST_HOST = "$(BUILT_PRODUCTS_DIR)/ARKit_1.app/$(BUNDLE_EXECUTABLE_FOLDER_PATH)/ARKit_1";
			};
			name = Debug;
		};
		6A1F7FDB29A5CFA700AB0024 /* Release */ = {
			isa = XCBuildConfiguration;
			buildSettings = {
				ALWAYS_EMBED_SWIFT_STANDARD_LIBRARIES = YES;
				BUNDLE_LOADER = "$(TEST_HOST)";
				CODE_SIGN_STYLE = Automatic;
				CURRENT_PROJECT_VERSION = 1;
				DEVELOPMENT_TEAM = 35U482C3Q5;
				GENERATE_INFOPLIST_FILE = YES;
				IPHONEOS_DEPLOYMENT_TARGET = 16.2;
				MARKETING_VERSION = 1.0;
				PRODUCT_BUNDLE_IDENTIFIER = "com.digiguys.ARKit-1Tests";
				PRODUCT_NAME = "$(TARGET_NAME)";
				SWIFT_EMIT_LOC_STRINGS = NO;
				SWIFT_VERSION = 5.0;
				TARGETED_DEVICE_FAMILY = "1,2";
				TEST_HOST = "$(BUILT_PRODUCTS_DIR)/ARKit_1.app/$(BUNDLE_EXECUTABLE_FOLDER_PATH)/ARKit_1";
			};
			name = Release;
		};
		6A1F7FDD29A5CFA700AB0024 /* Debug */ = {
			isa = XCBuildConfiguration;
			buildSettings = {
				ALWAYS_EMBED_SWIFT_STANDARD_LIBRARIES = YES;
				CODE_SIGN_STYLE = Automatic;
				CURRENT_PROJECT_VERSION = 1;
				DEVELOPMENT_TEAM = 35U482C3Q5;
				GENERATE_INFOPLIST_FILE = YES;
				MARKETING_VERSION = 1.0;
				PRODUCT_BUNDLE_IDENTIFIER = "com.digiguys.ARKit-1UITests";
				PRODUCT_NAME = "$(TARGET_NAME)";
				SWIFT_EMIT_LOC_STRINGS = NO;
				SWIFT_VERSION = 5.0;
				TARGETED_DEVICE_FAMILY = "1,2";
				TEST_TARGET_NAME = ARKit_1;
			};
			name = Debug;
		};
		6A1F7FDE29A5CFA700AB0024 /* Release */ = {
			isa = XCBuildConfiguration;
			buildSettings = {
				ALWAYS_EMBED_SWIFT_STANDARD_LIBRARIES = YES;
				CODE_SIGN_STYLE = Automatic;
				CURRENT_PROJECT_VERSION = 1;
				DEVELOPMENT_TEAM = 35U482C3Q5;
				GENERATE_INFOPLIST_FILE = YES;
				MARKETING_VERSION = 1.0;
				PRODUCT_BUNDLE_IDENTIFIER = "com.digiguys.ARKit-1UITests";
				PRODUCT_NAME = "$(TARGET_NAME)";
				SWIFT_EMIT_LOC_STRINGS = NO;
				SWIFT_VERSION = 5.0;
				TARGETED_DEVICE_FAMILY = "1,2";
				TEST_TARGET_NAME = ARKit_1;
			};
			name = Release;
		};
/* End XCBuildConfiguration section */

/* Begin XCConfigurationList section */
		6A1F7FAB29A5CFA600AB0024 /* Build configuration list for PBXProject "ARKit_1" */ = {
			isa = XCConfigurationList;
			buildConfigurations = (
				6A1F7FD429A5CFA700AB0024 /* Debug */,
				6A1F7FD529A5CFA700AB0024 /* Release */,
			);
			defaultConfigurationIsVisible = 0;
			defaultConfigurationName = Release;
		};
		6A1F7FD629A5CFA700AB0024 /* Build configuration list for PBXNativeTarget "ARKit_1" */ = {
			isa = XCConfigurationList;
			buildConfigurations = (
				6A1F7FD729A5CFA700AB0024 /* Debug */,
				6A1F7FD829A5CFA700AB0024 /* Release */,
			);
			defaultConfigurationIsVisible = 0;
			defaultConfigurationName = Release;
		};
		6A1F7FD929A5CFA700AB0024 /* Build configuration list for PBXNativeTarget "ARKit_1Tests" */ = {
			isa = XCConfigurationList;
			buildConfigurations = (
				6A1F7FDA29A5CFA700AB0024 /* Debug */,
				6A1F7FDB29A5CFA700AB0024 /* Release */,
			);
			defaultConfigurationIsVisible = 0;
			defaultConfigurationName = Release;
		};
		6A1F7FDC29A5CFA700AB0024 /* Build configuration list for PBXNativeTarget "ARKit_1UITests" */ = {
			isa = XCConfigurationList;
			buildConfigurations = (
				6A1F7FDD29A5CFA700AB0024 /* Debug */,
				6A1F7FDE29A5CFA700AB0024 /* Release */,
			);
			defaultConfigurationIsVisible = 0;
			defaultConfigurationName = Release;
		};
/* End XCConfigurationList section */
	};
	rootObject = 6A1F7FA829A5CFA600AB0024 /* Project object */;
}
